// !$*UTF8*$!
{
	archiveVersion = 1;
	classes = {
	};
	objectVersion = 51;
	objects = {

/* Begin PBXBuildFile section */
		050F08B8254494FE00FB3418 /* AppDelegate.swift in Sources */ = {isa = PBXBuildFile; fileRef = 050F08B7254494FE00FB3418 /* AppDelegate.swift */; };
		050F08BA254494FE00FB3418 /* SceneDelegate.swift in Sources */ = {isa = PBXBuildFile; fileRef = 050F08B9254494FE00FB3418 /* SceneDelegate.swift */; };
		050F08BC254494FE00FB3418 /* ViewController.swift in Sources */ = {isa = PBXBuildFile; fileRef = 050F08BB254494FE00FB3418 /* ViewController.swift */; };
		050F08BF254494FE00FB3418 /* Main.storyboard in Resources */ = {isa = PBXBuildFile; fileRef = 050F08BD254494FE00FB3418 /* Main.storyboard */; };
		050F08C12544950000FB3418 /* Assets.xcassets in Resources */ = {isa = PBXBuildFile; fileRef = 050F08C02544950000FB3418 /* Assets.xcassets */; };
		050F08C42544950000FB3418 /* LaunchScreen.storyboard in Resources */ = {isa = PBXBuildFile; fileRef = 050F08C22544950000FB3418 /* LaunchScreen.storyboard */; };
		050F08CF2544950000FB3418 /* ParstagramTests.swift in Sources */ = {isa = PBXBuildFile; fileRef = 050F08CE2544950000FB3418 /* ParstagramTests.swift */; };
		050F08DA2544950000FB3418 /* ParstagramUITests.swift in Sources */ = {isa = PBXBuildFile; fileRef = 050F08D92544950000FB3418 /* ParstagramUITests.swift */; };
		050F08EB254496ED00FB3418 /* LoginViewController.swift in Sources */ = {isa = PBXBuildFile; fileRef = 050F08EA254496ED00FB3418 /* LoginViewController.swift */; };
		050F08F0254496FC00FB3418 /* FeedViewController.swift in Sources */ = {isa = PBXBuildFile; fileRef = 050F08EF254496FC00FB3418 /* FeedViewController.swift */; };
		050F09022544D42300FB3418 /* CameraViewController.swift in Sources */ = {isa = PBXBuildFile; fileRef = 050F09012544D42300FB3418 /* CameraViewController.swift */; };
		050F091225451C8D00FB3418 /* PostCell.swift in Sources */ = {isa = PBXBuildFile; fileRef = 050F091125451C8D00FB3418 /* PostCell.swift */; };
		077643D3AB3B518900051212 /* Pods_Parstagram.framework in Frameworks */ = {isa = PBXBuildFile; fileRef = B39F9133B5C86AA6FD2BB673 /* Pods_Parstagram.framework */; };
		0AD9B633C4E7DE7A96571294 /* Pods_Parstagram_ParstagramUITests.framework in Frameworks */ = {isa = PBXBuildFile; fileRef = 1523185FD198D5EC0474A375 /* Pods_Parstagram_ParstagramUITests.framework */; };
		4060C59EDC4975EA4F4F55FF /* Pods_ParstagramTests.framework in Frameworks */ = {isa = PBXBuildFile; fileRef = 13D7F3131C1409C5EF359C0F /* Pods_ParstagramTests.framework */; };
/* End PBXBuildFile section */

/* Begin PBXContainerItemProxy section */
		050F08CB2544950000FB3418 /* PBXContainerItemProxy */ = {
			isa = PBXContainerItemProxy;
			containerPortal = 050F08AC254494FE00FB3418 /* Project object */;
			proxyType = 1;
			remoteGlobalIDString = 050F08B3254494FE00FB3418;
			remoteInfo = Parstagram;
		};
		050F08D62544950000FB3418 /* PBXContainerItemProxy */ = {
			isa = PBXContainerItemProxy;
			containerPortal = 050F08AC254494FE00FB3418 /* Project object */;
			proxyType = 1;
			remoteGlobalIDString = 050F08B3254494FE00FB3418;
			remoteInfo = Parstagram;
		};
/* End PBXContainerItemProxy section */

/* Begin PBXFileReference section */
		050F08B4254494FE00FB3418 /* Parstagram.app */ = {isa = PBXFileReference; explicitFileType = wrapper.application; includeInIndex = 0; path = Parstagram.app; sourceTree = BUILT_PRODUCTS_DIR; };
		050F08B7254494FE00FB3418 /* AppDelegate.swift */ = {isa = PBXFileReference; lastKnownFileType = sourcecode.swift; path = AppDelegate.swift; sourceTree = "<group>"; };
		050F08B9254494FE00FB3418 /* SceneDelegate.swift */ = {isa = PBXFileReference; lastKnownFileType = sourcecode.swift; path = SceneDelegate.swift; sourceTree = "<group>"; };
		050F08BB254494FE00FB3418 /* ViewController.swift */ = {isa = PBXFileReference; lastKnownFileType = sourcecode.swift; path = ViewController.swift; sourceTree = "<group>"; };
		050F08BE254494FE00FB3418 /* Base */ = {isa = PBXFileReference; lastKnownFileType = file.storyboard; name = Base; path = Base.lproj/Main.storyboard; sourceTree = "<group>"; };
		050F08C02544950000FB3418 /* Assets.xcassets */ = {isa = PBXFileReference; lastKnownFileType = folder.assetcatalog; path = Assets.xcassets; sourceTree = "<group>"; };
		050F08C32544950000FB3418 /* Base */ = {isa = PBXFileReference; lastKnownFileType = file.storyboard; name = Base; path = Base.lproj/LaunchScreen.storyboard; sourceTree = "<group>"; };
		050F08C52544950000FB3418 /* Info.plist */ = {isa = PBXFileReference; lastKnownFileType = text.plist.xml; path = Info.plist; sourceTree = "<group>"; };
		050F08CA2544950000FB3418 /* ParstagramTests.xctest */ = {isa = PBXFileReference; explicitFileType = wrapper.cfbundle; includeInIndex = 0; path = ParstagramTests.xctest; sourceTree = BUILT_PRODUCTS_DIR; };
		050F08CE2544950000FB3418 /* ParstagramTests.swift */ = {isa = PBXFileReference; lastKnownFileType = sourcecode.swift; path = ParstagramTests.swift; sourceTree = "<group>"; };
		050F08D02544950000FB3418 /* Info.plist */ = {isa = PBXFileReference; lastKnownFileType = text.plist.xml; path = Info.plist; sourceTree = "<group>"; };
		050F08D52544950000FB3418 /* ParstagramUITests.xctest */ = {isa = PBXFileReference; explicitFileType = wrapper.cfbundle; includeInIndex = 0; path = ParstagramUITests.xctest; sourceTree = BUILT_PRODUCTS_DIR; };
		050F08D92544950000FB3418 /* ParstagramUITests.swift */ = {isa = PBXFileReference; lastKnownFileType = sourcecode.swift; path = ParstagramUITests.swift; sourceTree = "<group>"; };
		050F08DB2544950000FB3418 /* Info.plist */ = {isa = PBXFileReference; lastKnownFileType = text.plist.xml; path = Info.plist; sourceTree = "<group>"; };
		050F08EA254496ED00FB3418 /* LoginViewController.swift */ = {isa = PBXFileReference; lastKnownFileType = sourcecode.swift; path = LoginViewController.swift; sourceTree = "<group>"; };
		050F08EF254496FC00FB3418 /* FeedViewController.swift */ = {isa = PBXFileReference; lastKnownFileType = sourcecode.swift; path = FeedViewController.swift; sourceTree = "<group>"; };
		050F09012544D42300FB3418 /* CameraViewController.swift */ = {isa = PBXFileReference; lastKnownFileType = sourcecode.swift; path = CameraViewController.swift; sourceTree = "<group>"; };
		050F091125451C8D00FB3418 /* PostCell.swift */ = {isa = PBXFileReference; lastKnownFileType = sourcecode.swift; path = PostCell.swift; sourceTree = "<group>"; };
		13D7F3131C1409C5EF359C0F /* Pods_ParstagramTests.framework */ = {isa = PBXFileReference; explicitFileType = wrapper.framework; includeInIndex = 0; path = Pods_ParstagramTests.framework; sourceTree = BUILT_PRODUCTS_DIR; };
		1523185FD198D5EC0474A375 /* Pods_Parstagram_ParstagramUITests.framework */ = {isa = PBXFileReference; explicitFileType = wrapper.framework; includeInIndex = 0; path = Pods_Parstagram_ParstagramUITests.framework; sourceTree = BUILT_PRODUCTS_DIR; };
		2A5F2355ECA91331C68A32D2 /* Pods-Parstagram.debug.xcconfig */ = {isa = PBXFileReference; includeInIndex = 1; lastKnownFileType = text.xcconfig; name = "Pods-Parstagram.debug.xcconfig"; path = "Target Support Files/Pods-Parstagram/Pods-Parstagram.debug.xcconfig"; sourceTree = "<group>"; };
		9AC235784529A762464BF61C /* Pods-Parstagram-ParstagramUITests.debug.xcconfig */ = {isa = PBXFileReference; includeInIndex = 1; lastKnownFileType = text.xcconfig; name = "Pods-Parstagram-ParstagramUITests.debug.xcconfig"; path = "Target Support Files/Pods-Parstagram-ParstagramUITests/Pods-Parstagram-ParstagramUITests.debug.xcconfig"; sourceTree = "<group>"; };
		B234E87EF83E5557B474EFB3 /* Pods-ParstagramTests.release.xcconfig */ = {isa = PBXFileReference; includeInIndex = 1; lastKnownFileType = text.xcconfig; name = "Pods-ParstagramTests.release.xcconfig"; path = "Target Support Files/Pods-ParstagramTests/Pods-ParstagramTests.release.xcconfig"; sourceTree = "<group>"; };
		B39F9133B5C86AA6FD2BB673 /* Pods_Parstagram.framework */ = {isa = PBXFileReference; explicitFileType = wrapper.framework; includeInIndex = 0; path = Pods_Parstagram.framework; sourceTree = BUILT_PRODUCTS_DIR; };
		BA42EE8E200DE9EF04FFEAA9 /* Pods-Parstagram.release.xcconfig */ = {isa = PBXFileReference; includeInIndex = 1; lastKnownFileType = text.xcconfig; name = "Pods-Parstagram.release.xcconfig"; path = "Target Support Files/Pods-Parstagram/Pods-Parstagram.release.xcconfig"; sourceTree = "<group>"; };
		CFA0E3BA20536155C9948924 /* Pods-ParstagramTests.debug.xcconfig */ = {isa = PBXFileReference; includeInIndex = 1; lastKnownFileType = text.xcconfig; name = "Pods-ParstagramTests.debug.xcconfig"; path = "Target Support Files/Pods-ParstagramTests/Pods-ParstagramTests.debug.xcconfig"; sourceTree = "<group>"; };
		D15522D4A41B46D0B8A01BF2 /* Pods-Parstagram-ParstagramUITests.release.xcconfig */ = {isa = PBXFileReference; includeInIndex = 1; lastKnownFileType = text.xcconfig; name = "Pods-Parstagram-ParstagramUITests.release.xcconfig"; path = "Target Support Files/Pods-Parstagram-ParstagramUITests/Pods-Parstagram-ParstagramUITests.release.xcconfig"; sourceTree = "<group>"; };
/* End PBXFileReference section */

/* Begin PBXFrameworksBuildPhase section */
		050F08B1254494FE00FB3418 /* Frameworks */ = {
			isa = PBXFrameworksBuildPhase;
			buildActionMask = 2147483647;
			files = (
				077643D3AB3B518900051212 /* Pods_Parstagram.framework in Frameworks */,
			);
			runOnlyForDeploymentPostprocessing = 0;
		};
		050F08C72544950000FB3418 /* Frameworks */ = {
			isa = PBXFrameworksBuildPhase;
			buildActionMask = 2147483647;
			files = (
				4060C59EDC4975EA4F4F55FF /* Pods_ParstagramTests.framework in Frameworks */,
			);
			runOnlyForDeploymentPostprocessing = 0;
		};
		050F08D22544950000FB3418 /* Frameworks */ = {
			isa = PBXFrameworksBuildPhase;
			buildActionMask = 2147483647;
			files = (
				0AD9B633C4E7DE7A96571294 /* Pods_Parstagram_ParstagramUITests.framework in Frameworks */,
			);
			runOnlyForDeploymentPostprocessing = 0;
		};
/* End PBXFrameworksBuildPhase section */

/* Begin PBXGroup section */
		050F08AB254494FE00FB3418 = {
			isa = PBXGroup;
			children = (
				050F08B6254494FE00FB3418 /* Parstagram */,
				050F08CD2544950000FB3418 /* ParstagramTests */,
				050F08D82544950000FB3418 /* ParstagramUITests */,
				050F08B5254494FE00FB3418 /* Products */,
				7E82ED5ADA68738F14F20752 /* Pods */,
				1A294F5F79C1713CDBF91ECE /* Frameworks */,
			);
			sourceTree = "<group>";
		};
		050F08B5254494FE00FB3418 /* Products */ = {
			isa = PBXGroup;
			children = (
				050F08B4254494FE00FB3418 /* Parstagram.app */,
				050F08CA2544950000FB3418 /* ParstagramTests.xctest */,
				050F08D52544950000FB3418 /* ParstagramUITests.xctest */,
			);
			name = Products;
			sourceTree = "<group>";
		};
		050F08B6254494FE00FB3418 /* Parstagram */ = {
			isa = PBXGroup;
			children = (
				050F08B7254494FE00FB3418 /* AppDelegate.swift */,
				050F08B9254494FE00FB3418 /* SceneDelegate.swift */,
				050F08BB254494FE00FB3418 /* ViewController.swift */,
				050F08BD254494FE00FB3418 /* Main.storyboard */,
				050F08C02544950000FB3418 /* Assets.xcassets */,
				050F08C22544950000FB3418 /* LaunchScreen.storyboard */,
				050F08C52544950000FB3418 /* Info.plist */,
				050F08EA254496ED00FB3418 /* LoginViewController.swift */,
				050F08EF254496FC00FB3418 /* FeedViewController.swift */,
				050F09012544D42300FB3418 /* CameraViewController.swift */,
				050F091125451C8D00FB3418 /* PostCell.swift */,
			);
			path = Parstagram;
			sourceTree = "<group>";
		};
		050F08CD2544950000FB3418 /* ParstagramTests */ = {
			isa = PBXGroup;
			children = (
				050F08CE2544950000FB3418 /* ParstagramTests.swift */,
				050F08D02544950000FB3418 /* Info.plist */,
			);
			path = ParstagramTests;
			sourceTree = "<group>";
		};
		050F08D82544950000FB3418 /* ParstagramUITests */ = {
			isa = PBXGroup;
			children = (
				050F08D92544950000FB3418 /* ParstagramUITests.swift */,
				050F08DB2544950000FB3418 /* Info.plist */,
			);
			path = ParstagramUITests;
			sourceTree = "<group>";
		};
		1A294F5F79C1713CDBF91ECE /* Frameworks */ = {
			isa = PBXGroup;
			children = (
				B39F9133B5C86AA6FD2BB673 /* Pods_Parstagram.framework */,
				1523185FD198D5EC0474A375 /* Pods_Parstagram_ParstagramUITests.framework */,
				13D7F3131C1409C5EF359C0F /* Pods_ParstagramTests.framework */,
			);
			name = Frameworks;
			sourceTree = "<group>";
		};
		7E82ED5ADA68738F14F20752 /* Pods */ = {
			isa = PBXGroup;
			children = (
				2A5F2355ECA91331C68A32D2 /* Pods-Parstagram.debug.xcconfig */,
				BA42EE8E200DE9EF04FFEAA9 /* Pods-Parstagram.release.xcconfig */,
				9AC235784529A762464BF61C /* Pods-Parstagram-ParstagramUITests.debug.xcconfig */,
				D15522D4A41B46D0B8A01BF2 /* Pods-Parstagram-ParstagramUITests.release.xcconfig */,
				CFA0E3BA20536155C9948924 /* Pods-ParstagramTests.debug.xcconfig */,
				B234E87EF83E5557B474EFB3 /* Pods-ParstagramTests.release.xcconfig */,
			);
			path = Pods;
			sourceTree = "<group>";
		};
/* End PBXGroup section */

/* Begin PBXNativeTarget section */
		050F08B3254494FE00FB3418 /* Parstagram */ = {
			isa = PBXNativeTarget;
			buildConfigurationList = 050F08DE2544950000FB3418 /* Build configuration list for PBXNativeTarget "Parstagram" */;
			buildPhases = (
				78E0054DD6EFD780689FC846 /* [CP] Check Pods Manifest.lock */,
				050F08B0254494FE00FB3418 /* Sources */,
				050F08B1254494FE00FB3418 /* Frameworks */,
				050F08B2254494FE00FB3418 /* Resources */,
				774F579BA3E1CD13037FEE30 /* [CP] Embed Pods Frameworks */,
			);
			buildRules = (
			);
			dependencies = (
			);
			name = Parstagram;
			productName = Parstagram;
			productReference = 050F08B4254494FE00FB3418 /* Parstagram.app */;
			productType = "com.apple.product-type.application";
		};
		050F08C92544950000FB3418 /* ParstagramTests */ = {
			isa = PBXNativeTarget;
			buildConfigurationList = 050F08E12544950000FB3418 /* Build configuration list for PBXNativeTarget "ParstagramTests" */;
			buildPhases = (
				75A885DABA008A19374C4E01 /* [CP] Check Pods Manifest.lock */,
				050F08C62544950000FB3418 /* Sources */,
				050F08C72544950000FB3418 /* Frameworks */,
				050F08C82544950000FB3418 /* Resources */,
			);
			buildRules = (
			);
			dependencies = (
				050F08CC2544950000FB3418 /* PBXTargetDependency */,
			);
			name = ParstagramTests;
			productName = ParstagramTests;
			productReference = 050F08CA2544950000FB3418 /* ParstagramTests.xctest */;
			productType = "com.apple.product-type.bundle.unit-test";
		};
		050F08D42544950000FB3418 /* ParstagramUITests */ = {
			isa = PBXNativeTarget;
			buildConfigurationList = 050F08E42544950000FB3418 /* Build configuration list for PBXNativeTarget "ParstagramUITests" */;
			buildPhases = (
				B362AC4D997EFA3EFD88614F /* [CP] Check Pods Manifest.lock */,
				050F08D12544950000FB3418 /* Sources */,
				050F08D22544950000FB3418 /* Frameworks */,
				050F08D32544950000FB3418 /* Resources */,
				DA32B86F82E74CA000C30824 /* [CP] Embed Pods Frameworks */,
			);
			buildRules = (
			);
			dependencies = (
				050F08D72544950000FB3418 /* PBXTargetDependency */,
			);
			name = ParstagramUITests;
			productName = ParstagramUITests;
			productReference = 050F08D52544950000FB3418 /* ParstagramUITests.xctest */;
			productType = "com.apple.product-type.bundle.ui-testing";
		};
/* End PBXNativeTarget section */

/* Begin PBXProject section */
		050F08AC254494FE00FB3418 /* Project object */ = {
			isa = PBXProject;
			attributes = {
				LastSwiftUpdateCheck = 1210;
				LastUpgradeCheck = 1210;
				TargetAttributes = {
					050F08B3254494FE00FB3418 = {
						CreatedOnToolsVersion = 12.1;
					};
					050F08C92544950000FB3418 = {
						CreatedOnToolsVersion = 12.1;
						TestTargetID = 050F08B3254494FE00FB3418;
					};
					050F08D42544950000FB3418 = {
						CreatedOnToolsVersion = 12.1;
						TestTargetID = 050F08B3254494FE00FB3418;
					};
				};
			};
			buildConfigurationList = 050F08AF254494FE00FB3418 /* Build configuration list for PBXProject "Parstagram" */;
			compatibilityVersion = "Xcode 9.3";
			developmentRegion = en;
			hasScannedForEncodings = 0;
			knownRegions = (
				en,
				Base,
			);
			mainGroup = 050F08AB254494FE00FB3418;
			productRefGroup = 050F08B5254494FE00FB3418 /* Products */;
			projectDirPath = "";
			projectRoot = "";
			targets = (
				050F08B3254494FE00FB3418 /* Parstagram */,
				050F08C92544950000FB3418 /* ParstagramTests */,
				050F08D42544950000FB3418 /* ParstagramUITests */,
			);
		};
/* End PBXProject section */

/* Begin PBXResourcesBuildPhase section */
		050F08B2254494FE00FB3418 /* Resources */ = {
			isa = PBXResourcesBuildPhase;
			buildActionMask = 2147483647;
			files = (
				050F08C42544950000FB3418 /* LaunchScreen.storyboard in Resources */,
				050F08C12544950000FB3418 /* Assets.xcassets in Resources */,
				050F08BF254494FE00FB3418 /* Main.storyboard in Resources */,
			);
			runOnlyForDeploymentPostprocessing = 0;
		};
		050F08C82544950000FB3418 /* Resources */ = {
			isa = PBXResourcesBuildPhase;
			buildActionMask = 2147483647;
			files = (
			);
			runOnlyForDeploymentPostprocessing = 0;
		};
		050F08D32544950000FB3418 /* Resources */ = {
			isa = PBXResourcesBuildPhase;
			buildActionMask = 2147483647;
			files = (
			);
			runOnlyForDeploymentPostprocessing = 0;
		};
/* End PBXResourcesBuildPhase section */

/* Begin PBXShellScriptBuildPhase section */
		75A885DABA008A19374C4E01 /* [CP] Check Pods Manifest.lock */ = {
			isa = PBXShellScriptBuildPhase;
			buildActionMask = 2147483647;
			files = (
			);
			inputFileListPaths = (
			);
			inputPaths = (
				"${PODS_PODFILE_DIR_PATH}/Podfile.lock",
				"${PODS_ROOT}/Manifest.lock",
			);
			name = "[CP] Check Pods Manifest.lock";
			outputFileListPaths = (
			);
			outputPaths = (
				"$(DERIVED_FILE_DIR)/Pods-ParstagramTests-checkManifestLockResult.txt",
			);
			runOnlyForDeploymentPostprocessing = 0;
			shellPath = /bin/sh;
			shellScript = "diff \"${PODS_PODFILE_DIR_PATH}/Podfile.lock\" \"${PODS_ROOT}/Manifest.lock\" > /dev/null\nif [ $? != 0 ] ; then\n    # print error to STDERR\n    echo \"error: The sandbox is not in sync with the Podfile.lock. Run 'pod install' or update your CocoaPods installation.\" >&2\n    exit 1\nfi\n# This output is used by Xcode 'outputs' to avoid re-running this script phase.\necho \"SUCCESS\" > \"${SCRIPT_OUTPUT_FILE_0}\"\n";
			showEnvVarsInLog = 0;
		};
		774F579BA3E1CD13037FEE30 /* [CP] Embed Pods Frameworks */ = {
			isa = PBXShellScriptBuildPhase;
			buildActionMask = 2147483647;
			files = (
			);
			inputFileListPaths = (
				"${PODS_ROOT}/Target Support Files/Pods-Parstagram/Pods-Parstagram-frameworks-${CONFIGURATION}-input-files.xcfilelist",
			);
			name = "[CP] Embed Pods Frameworks";
			outputFileListPaths = (
				"${PODS_ROOT}/Target Support Files/Pods-Parstagram/Pods-Parstagram-frameworks-${CONFIGURATION}-output-files.xcfilelist",
			);
			runOnlyForDeploymentPostprocessing = 0;
			shellPath = /bin/sh;
			shellScript = "\"${PODS_ROOT}/Target Support Files/Pods-Parstagram/Pods-Parstagram-frameworks.sh\"\n";
			showEnvVarsInLog = 0;
		};
		78E0054DD6EFD780689FC846 /* [CP] Check Pods Manifest.lock */ = {
			isa = PBXShellScriptBuildPhase;
			buildActionMask = 2147483647;
			files = (
			);
			inputFileListPaths = (
			);
			inputPaths = (
				"${PODS_PODFILE_DIR_PATH}/Podfile.lock",
				"${PODS_ROOT}/Manifest.lock",
			);
			name = "[CP] Check Pods Manifest.lock";
			outputFileListPaths = (
			);
			outputPaths = (
				"$(DERIVED_FILE_DIR)/Pods-Parstagram-checkManifestLockResult.txt",
			);
			runOnlyForDeploymentPostprocessing = 0;
			shellPath = /bin/sh;
			shellScript = "diff \"${PODS_PODFILE_DIR_PATH}/Podfile.lock\" \"${PODS_ROOT}/Manifest.lock\" > /dev/null\nif [ $? != 0 ] ; then\n    # print error to STDERR\n    echo \"error: The sandbox is not in sync with the Podfile.lock. Run 'pod install' or update your CocoaPods installation.\" >&2\n    exit 1\nfi\n# This output is used by Xcode 'outputs' to avoid re-running this script phase.\necho \"SUCCESS\" > \"${SCRIPT_OUTPUT_FILE_0}\"\n";
			showEnvVarsInLog = 0;
		};
		B362AC4D997EFA3EFD88614F /* [CP] Check Pods Manifest.lock */ = {
			isa = PBXShellScriptBuildPhase;
			buildActionMask = 2147483647;
			files = (
			);
			inputFileListPaths = (
			);
			inputPaths = (
				"${PODS_PODFILE_DIR_PATH}/Podfile.lock",
				"${PODS_ROOT}/Manifest.lock",
			);
			name = "[CP] Check Pods Manifest.lock";
			outputFileListPaths = (
			);
			outputPaths = (
				"$(DERIVED_FILE_DIR)/Pods-Parstagram-ParstagramUITests-checkManifestLockResult.txt",
			);
			runOnlyForDeploymentPostprocessing = 0;
			shellPath = /bin/sh;
			shellScript = "diff \"${PODS_PODFILE_DIR_PATH}/Podfile.lock\" \"${PODS_ROOT}/Manifest.lock\" > /dev/null\nif [ $? != 0 ] ; then\n    # print error to STDERR\n    echo \"error: The sandbox is not in sync with the Podfile.lock. Run 'pod install' or update your CocoaPods installation.\" >&2\n    exit 1\nfi\n# This output is used by Xcode 'outputs' to avoid re-running this script phase.\necho \"SUCCESS\" > \"${SCRIPT_OUTPUT_FILE_0}\"\n";
			showEnvVarsInLog = 0;
		};
		DA32B86F82E74CA000C30824 /* [CP] Embed Pods Frameworks */ = {
			isa = PBXShellScriptBuildPhase;
			buildActionMask = 2147483647;
			files = (
			);
			inputFileListPaths = (
				"${PODS_ROOT}/Target Support Files/Pods-Parstagram-ParstagramUITests/Pods-Parstagram-ParstagramUITests-frameworks-${CONFIGURATION}-input-files.xcfilelist",
			);
			name = "[CP] Embed Pods Frameworks";
			outputFileListPaths = (
				"${PODS_ROOT}/Target Support Files/Pods-Parstagram-ParstagramUITests/Pods-Parstagram-ParstagramUITests-frameworks-${CONFIGURATION}-output-files.xcfilelist",
			);
			runOnlyForDeploymentPostprocessing = 0;
			shellPath = /bin/sh;
			shellScript = "\"${PODS_ROOT}/Target Support Files/Pods-Parstagram-ParstagramUITests/Pods-Parstagram-ParstagramUITests-frameworks.sh\"\n";
			showEnvVarsInLog = 0;
		};
/* End PBXShellScriptBuildPhase section */

/* Begin PBXSourcesBuildPhase section */
		050F08B0254494FE00FB3418 /* Sources */ = {
			isa = PBXSourcesBuildPhase;
			buildActionMask = 2147483647;
			files = (
				050F091225451C8D00FB3418 /* PostCell.swift in Sources */,
				050F08EB254496ED00FB3418 /* LoginViewController.swift in Sources */,
				050F08BC254494FE00FB3418 /* ViewController.swift in Sources */,
				050F08F0254496FC00FB3418 /* FeedViewController.swift in Sources */,
				050F08B8254494FE00FB3418 /* AppDelegate.swift in Sources */,
				050F08BA254494FE00FB3418 /* SceneDelegate.swift in Sources */,
				050F09022544D42300FB3418 /* CameraViewController.swift in Sources */,
			);
			runOnlyForDeploymentPostprocessing = 0;
		};
		050F08C62544950000FB3418 /* Sources */ = {
			isa = PBXSourcesBuildPhase;
			buildActionMask = 2147483647;
			files = (
				050F08CF2544950000FB3418 /* ParstagramTests.swift in Sources */,
			);
			runOnlyForDeploymentPostprocessing = 0;
		};
		050F08D12544950000FB3418 /* Sources */ = {
			isa = PBXSourcesBuildPhase;
			buildActionMask = 2147483647;
			files = (
				050F08DA2544950000FB3418 /* ParstagramUITests.swift in Sources */,
			);
			runOnlyForDeploymentPostprocessing = 0;
		};
/* End PBXSourcesBuildPhase section */

/* Begin PBXTargetDependency section */
		050F08CC2544950000FB3418 /* PBXTargetDependency */ = {
			isa = PBXTargetDependency;
			target = 050F08B3254494FE00FB3418 /* Parstagram */;
			targetProxy = 050F08CB2544950000FB3418 /* PBXContainerItemProxy */;
		};
		050F08D72544950000FB3418 /* PBXTargetDependency */ = {
			isa = PBXTargetDependency;
			target = 050F08B3254494FE00FB3418 /* Parstagram */;
			targetProxy = 050F08D62544950000FB3418 /* PBXContainerItemProxy */;
		};
/* End PBXTargetDependency section */

/* Begin PBXVariantGroup section */
		050F08BD254494FE00FB3418 /* Main.storyboard */ = {
			isa = PBXVariantGroup;
			children = (
				050F08BE254494FE00FB3418 /* Base */,
			);
			name = Main.storyboard;
			sourceTree = "<group>";
		};
		050F08C22544950000FB3418 /* LaunchScreen.storyboard */ = {
			isa = PBXVariantGroup;
			children = (
				050F08C32544950000FB3418 /* Base */,
			);
			name = LaunchScreen.storyboard;
			sourceTree = "<group>";
		};
/* End PBXVariantGroup section */

/* Begin XCBuildConfiguration section */
		050F08DC2544950000FB3418 /* Debug */ = {
			isa = XCBuildConfiguration;
			buildSettings = {
				ALWAYS_SEARCH_USER_PATHS = NO;
				CLANG_ANALYZER_NONNULL = YES;
				CLANG_ANALYZER_NUMBER_OBJECT_CONVERSION = YES_AGGRESSIVE;
				CLANG_CXX_LANGUAGE_STANDARD = "gnu++14";
				CLANG_CXX_LIBRARY = "libc++";
				CLANG_ENABLE_MODULES = YES;
				CLANG_ENABLE_OBJC_ARC = YES;
				CLANG_ENABLE_OBJC_WEAK = YES;
				CLANG_WARN_BLOCK_CAPTURE_AUTORELEASING = YES;
				CLANG_WARN_BOOL_CONVERSION = YES;
				CLANG_WARN_COMMA = YES;
				CLANG_WARN_CONSTANT_CONVERSION = YES;
				CLANG_WARN_DEPRECATED_OBJC_IMPLEMENTATIONS = YES;
				CLANG_WARN_DIRECT_OBJC_ISA_USAGE = YES_ERROR;
				CLANG_WARN_DOCUMENTATION_COMMENTS = YES;
				CLANG_WARN_EMPTY_BODY = YES;
				CLANG_WARN_ENUM_CONVERSION = YES;
				CLANG_WARN_INFINITE_RECURSION = YES;
				CLANG_WARN_INT_CONVERSION = YES;
				CLANG_WARN_NON_LITERAL_NULL_CONVERSION = YES;
				CLANG_WARN_OBJC_IMPLICIT_RETAIN_SELF = YES;
				CLANG_WARN_OBJC_LITERAL_CONVERSION = YES;
				CLANG_WARN_OBJC_ROOT_CLASS = YES_ERROR;
				CLANG_WARN_QUOTED_INCLUDE_IN_FRAMEWORK_HEADER = YES;
				CLANG_WARN_RANGE_LOOP_ANALYSIS = YES;
				CLANG_WARN_STRICT_PROTOTYPES = YES;
				CLANG_WARN_SUSPICIOUS_MOVE = YES;
				CLANG_WARN_UNGUARDED_AVAILABILITY = YES_AGGRESSIVE;
				CLANG_WARN_UNREACHABLE_CODE = YES;
				CLANG_WARN__DUPLICATE_METHOD_MATCH = YES;
				COPY_PHASE_STRIP = NO;
				DEBUG_INFORMATION_FORMAT = dwarf;
				ENABLE_STRICT_OBJC_MSGSEND = YES;
				ENABLE_TESTABILITY = YES;
				GCC_C_LANGUAGE_STANDARD = gnu11;
				GCC_DYNAMIC_NO_PIC = NO;
				GCC_NO_COMMON_BLOCKS = YES;
				GCC_OPTIMIZATION_LEVEL = 0;
				GCC_PREPROCESSOR_DEFINITIONS = (
					"DEBUG=1",
					"$(inherited)",
				);
				GCC_WARN_64_TO_32_BIT_CONVERSION = YES;
				GCC_WARN_ABOUT_RETURN_TYPE = YES_ERROR;
				GCC_WARN_UNDECLARED_SELECTOR = YES;
				GCC_WARN_UNINITIALIZED_AUTOS = YES_AGGRESSIVE;
				GCC_WARN_UNUSED_FUNCTION = YES;
				GCC_WARN_UNUSED_VARIABLE = YES;
				IPHONEOS_DEPLOYMENT_TARGET = 14.1;
				MTL_ENABLE_DEBUG_INFO = INCLUDE_SOURCE;
				MTL_FAST_MATH = YES;
				ONLY_ACTIVE_ARCH = YES;
				SDKROOT = iphoneos;
				SWIFT_ACTIVE_COMPILATION_CONDITIONS = DEBUG;
				SWIFT_OPTIMIZATION_LEVEL = "-Onone";
			};
			name = Debug;
		};
		050F08DD2544950000FB3418 /* Release */ = {
			isa = XCBuildConfiguration;
			buildSettings = {
				ALWAYS_SEARCH_USER_PATHS = NO;
				CLANG_ANALYZER_NONNULL = YES;
				CLANG_ANALYZER_NUMBER_OBJECT_CONVERSION = YES_AGGRESSIVE;
				CLANG_CXX_LANGUAGE_STANDARD = "gnu++14";
				CLANG_CXX_LIBRARY = "libc++";
				CLANG_ENABLE_MODULES = YES;
				CLANG_ENABLE_OBJC_ARC = YES;
				CLANG_ENABLE_OBJC_WEAK = YES;
				CLANG_WARN_BLOCK_CAPTURE_AUTORELEASING = YES;
				CLANG_WARN_BOOL_CONVERSION = YES;
				CLANG_WARN_COMMA = YES;
				CLANG_WARN_CONSTANT_CONVERSION = YES;
				CLANG_WARN_DEPRECATED_OBJC_IMPLEMENTATIONS = YES;
				CLANG_WARN_DIRECT_OBJC_ISA_USAGE = YES_ERROR;
				CLANG_WARN_DOCUMENTATION_COMMENTS = YES;
				CLANG_WARN_EMPTY_BODY = YES;
				CLANG_WARN_ENUM_CONVERSION = YES;
				CLANG_WARN_INFINITE_RECURSION = YES;
				CLANG_WARN_INT_CONVERSION = YES;
				CLANG_WARN_NON_LITERAL_NULL_CONVERSION = YES;
				CLANG_WARN_OBJC_IMPLICIT_RETAIN_SELF = YES;
				CLANG_WARN_OBJC_LITERAL_CONVERSION = YES;
				CLANG_WARN_OBJC_ROOT_CLASS = YES_ERROR;
				CLANG_WARN_QUOTED_INCLUDE_IN_FRAMEWORK_HEADER = YES;
				CLANG_WARN_RANGE_LOOP_ANALYSIS = YES;
				CLANG_WARN_STRICT_PROTOTYPES = YES;
				CLANG_WARN_SUSPICIOUS_MOVE = YES;
				CLANG_WARN_UNGUARDED_AVAILABILITY = YES_AGGRESSIVE;
				CLANG_WARN_UNREACHABLE_CODE = YES;
				CLANG_WARN__DUPLICATE_METHOD_MATCH = YES;
				COPY_PHASE_STRIP = NO;
				DEBUG_INFORMATION_FORMAT = "dwarf-with-dsym";
				ENABLE_NS_ASSERTIONS = NO;
				ENABLE_STRICT_OBJC_MSGSEND = YES;
				GCC_C_LANGUAGE_STANDARD = gnu11;
				GCC_NO_COMMON_BLOCKS = YES;
				GCC_WARN_64_TO_32_BIT_CONVERSION = YES;
				GCC_WARN_ABOUT_RETURN_TYPE = YES_ERROR;
				GCC_WARN_UNDECLARED_SELECTOR = YES;
				GCC_WARN_UNINITIALIZED_AUTOS = YES_AGGRESSIVE;
				GCC_WARN_UNUSED_FUNCTION = YES;
				GCC_WARN_UNUSED_VARIABLE = YES;
				IPHONEOS_DEPLOYMENT_TARGET = 14.1;
				MTL_ENABLE_DEBUG_INFO = NO;
				MTL_FAST_MATH = YES;
				SDKROOT = iphoneos;
				SWIFT_COMPILATION_MODE = wholemodule;
				SWIFT_OPTIMIZATION_LEVEL = "-O";
				VALIDATE_PRODUCT = YES;
			};
			name = Release;
		};
		050F08DF2544950000FB3418 /* Debug */ = {
			isa = XCBuildConfiguration;
			baseConfigurationReference = 2A5F2355ECA91331C68A32D2 /* Pods-Parstagram.debug.xcconfig */;
			buildSettings = {
				ASSETCATALOG_COMPILER_APPICON_NAME = AppIcon;
				ASSETCATALOG_COMPILER_GLOBAL_ACCENT_COLOR_NAME = AccentColor;
				CODE_SIGN_STYLE = Automatic;
				INFOPLIST_FILE = Parstagram/Info.plist;
				LD_RUNPATH_SEARCH_PATHS = (
					"$(inherited)",
					"@executable_path/Frameworks",
				);
				PRODUCT_BUNDLE_IDENTIFIER = com.aninda.Parstagram;
				PRODUCT_NAME = "$(TARGET_NAME)";
				SWIFT_VERSION = 5.0;
				TARGETED_DEVICE_FAMILY = "1,2";
			};
			name = Debug;
		};
		050F08E02544950000FB3418 /* Release */ = {
			isa = XCBuildConfiguration;
			baseConfigurationReference = BA42EE8E200DE9EF04FFEAA9 /* Pods-Parstagram.release.xcconfig */;
			buildSettings = {
				ASSETCATALOG_COMPILER_APPICON_NAME = AppIcon;
				ASSETCATALOG_COMPILER_GLOBAL_ACCENT_COLOR_NAME = AccentColor;
				CODE_SIGN_STYLE = Automatic;
				INFOPLIST_FILE = Parstagram/Info.plist;
				LD_RUNPATH_SEARCH_PATHS = (
					"$(inherited)",
					"@executable_path/Frameworks",
				);
				PRODUCT_BUNDLE_IDENTIFIER = com.aninda.Parstagram;
				PRODUCT_NAME = "$(TARGET_NAME)";
				SWIFT_VERSION = 5.0;
				TARGETED_DEVICE_FAMILY = "1,2";
			};
			name = Release;
		};
		050F08E22544950000FB3418 /* Debug */ = {
			isa = XCBuildConfiguration;
			baseConfigurationReference = CFA0E3BA20536155C9948924 /* Pods-ParstagramTests.debug.xcconfig */;
			buildSettings = {
				ALWAYS_EMBED_SWIFT_STANDARD_LIBRARIES = YES;
				BUNDLE_LOADER = "$(TEST_HOST)";
				CODE_SIGN_STYLE = Automatic;
				INFOPLIST_FILE = ParstagramTests/Info.plist;
				IPHONEOS_DEPLOYMENT_TARGET = 14.1;
				LD_RUNPATH_SEARCH_PATHS = (
					"$(inherited)",
					"@executable_path/Frameworks",
					"@loader_path/Frameworks",
				);
				PRODUCT_BUNDLE_IDENTIFIER = com.aninda.ParstagramTests;
				PRODUCT_NAME = "$(TARGET_NAME)";
				SWIFT_VERSION = 5.0;
				TARGETED_DEVICE_FAMILY = "1,2";
				TEST_HOST = "$(BUILT_PRODUCTS_DIR)/Parstagram.app/Parstagram";
			};
			name = Debug;
		};
		050F08E32544950000FB3418 /* Release */ = {
			isa = XCBuildConfiguration;
			baseConfigurationReference = B234E87EF83E5557B474EFB3 /* Pods-ParstagramTests.release.xcconfig */;
			buildSettings = {
				ALWAYS_EMBED_SWIFT_STANDARD_LIBRARIES = YES;
				BUNDLE_LOADER = "$(TEST_HOST)";
				CODE_SIGN_STYLE = Automatic;
				INFOPLIST_FILE = ParstagramTests/Info.plist;
				IPHONEOS_DEPLOYMENT_TARGET = 14.1;
				LD_RUNPATH_SEARCH_PATHS = (
					"$(inherited)",
					"@executable_path/Frameworks",
					"@loader_path/Frameworks",
				);
				PRODUCT_BUNDLE_IDENTIFIER = com.aninda.ParstagramTests;
				PRODUCT_NAME = "$(TARGET_NAME)";
				SWIFT_VERSION = 5.0;
				TARGETED_DEVICE_FAMILY = "1,2";
				TEST_HOST = "$(BUILT_PRODUCTS_DIR)/Parstagram.app/Parstagram";
			};
			name = Release;
		};
		050F08E52544950000FB3418 /* Debug */ = {
			isa = XCBuildConfiguration;
			baseConfigurationReference = 9AC235784529A762464BF61C /* Pods-Parstagram-ParstagramUITests.debug.xcconfig */;
			buildSettings = {
				ALWAYS_EMBED_SWIFT_STANDARD_LIBRARIES = YES;
				CODE_SIGN_STYLE = Automatic;
				INFOPLIST_FILE = ParstagramUITests/Info.plist;
				LD_RUNPATH_SEARCH_PATHS = (
					"$(inherited)",
					"@executable_path/Frameworks",
					"@loader_path/Frameworks",
				);
				PRODUCT_BUNDLE_IDENTIFIER = com.aninda.ParstagramUITests;
				PRODUCT_NAME = "$(TARGET_NAME)";
				SWIFT_VERSION = 5.0;
				TARGETED_DEVICE_FAMILY = "1,2";
				TEST_TARGET_NAME = Parstagram;
			};
			name = Debug;
		};
		050F08E62544950000FB3418 /* Release */ = {
			isa = XCBuildConfiguration;
			baseConfigurationReference = D15522D4A41B46D0B8A01BF2 /* Pods-Parstagram-ParstagramUITests.release.xcconfig */;
			buildSettings = {
				ALWAYS_EMBED_SWIFT_STANDARD_LIBRARIES = YES;
				CODE_SIGN_STYLE = Automatic;
				INFOPLIST_FILE = ParstagramUITests/Info.plist;
				LD_RUNPATH_SEARCH_PATHS = (
					"$(inherited)",
					"@executable_path/Frameworks",
					"@loader_path/Frameworks",
				);
				PRODUCT_BUNDLE_IDENTIFIER = com.aninda.ParstagramUITests;
				PRODUCT_NAME = "$(TARGET_NAME)";
				SWIFT_VERSION = 5.0;
				TARGETED_DEVICE_FAMILY = "1,2";
				TEST_TARGET_NAME = Parstagram;
			};
			name = Release;
		};
/* End XCBuildConfiguration section */

/* Begin XCConfigurationList section */
		050F08AF254494FE00FB3418 /* Build configuration list for PBXProject "Parstagram" */ = {
			isa = XCConfigurationList;
			buildConfigurations = (
				050F08DC2544950000FB3418 /* Debug */,
				050F08DD2544950000FB3418 /* Release */,
			);
			defaultConfigurationIsVisible = 0;
			defaultConfigurationName = Release;
		};
		050F08DE2544950000FB3418 /* Build configuration list for PBXNativeTarget "Parstagram" */ = {
			isa = XCConfigurationList;
			buildConfigurations = (
				050F08DF2544950000FB3418 /* Debug */,
				050F08E02544950000FB3418 /* Release */,
			);
			defaultConfigurationIsVisible = 0;
			defaultConfigurationName = Release;
		};
		050F08E12544950000FB3418 /* Build configuration list for PBXNativeTarget "ParstagramTests" */ = {
			isa = XCConfigurationList;
			buildConfigurations = (
				050F08E22544950000FB3418 /* Debug */,
				050F08E32544950000FB3418 /* Release */,
			);
			defaultConfigurationIsVisible = 0;
			defaultConfigurationName = Release;
		};
		050F08E42544950000FB3418 /* Build configuration list for PBXNativeTarget "ParstagramUITests" */ = {
			isa = XCConfigurationList;
			buildConfigurations = (
				050F08E52544950000FB3418 /* Debug */,
				050F08E62544950000FB3418 /* Release */,
			);
			defaultConfigurationIsVisible = 0;
			defaultConfigurationName = Release;
		};
/* End XCConfigurationList section */
	};
	rootObject = 050F08AC254494FE00FB3418 /* Project object */;
}
